Microsoft Visual Studio Solution File, Format Version 12.00
# Visual Studio Version 17
VisualStudioVersion = 17.5.2.0
MinimumVisualStudioVersion = 10.0.40219.1
Project("{2150E333-8FDC-42A3-9474-1A3956D46DE8}") = ".net", ".net", "{79120BB5-7395-B9EE-4BB5-58082D0F308B}"
EndProject
Project("{FAE04EC0-301F-11D3-BF4B-00C04F79EFBC}") = "MeuPrimeiroApp", ".net\MeuPrimeiroApp\MeuPrimeiroApp.csproj", "{FD171775-57F9-4384-72A6-49A026DAD47F}"
EndProject
Global
	GlobalSection(SolutionConfigurationPlatforms) = preSolution
		Debug|Any CPU = Debug|Any CPU
		Release|Any CPU = Release|Any CPU
	EndGlobalSection
	GlobalSection(ProjectConfigurationPlatforms) = postSolution
		{FD171775-57F9-4384-72A6-49A026DAD47F}.Debug|Any CPU.ActiveCfg = Debug|Any CPU
		{FD171775-57F9-4384-72A6-49A026DAD47F}.Debug|Any CPU.Build.0 = Debug|Any CPU
		{FD171775-57F9-4384-72A6-49A026DAD47F}.Release|Any CPU.ActiveCfg = Release|Any CPU
		{FD171775-57F9-4384-72A6-49A026DAD47F}.Release|Any CPU.Build.0 = Release|Any CPU
	EndGlobalSection
	GlobalSection(SolutionProperties) = preSolution
		HideSolutionNode = FALSE
	EndGlobalSection
	GlobalSection(NestedProjects) = preSolution
		{FD171775-57F9-4384-72A6-49A026DAD47F} = {79120BB5-7395-B9EE-4BB5-58082D0F308B}
	EndGlobalSection
	GlobalSection(ExtensibilityGlobals) = postSolution
		SolutionGuid = {0A1473EE-8721-47FE-A97D-7A12EE226255}
	EndGlobalSection
EndGlobal
