Microsoft Visual Studio Solution File, Format Version 12.00
# Visual Studio Version 17
VisualStudioVersion = 17.5.2.0
MinimumVisualStudioVersion = 10.0.40219.1
Project("{2150E333-8FDC-42A3-9474-1A3956D46DE8}") = ".net", ".net", "{79120BB5-7395-B9EE-4BB5-58082D0F308B}"
EndProject
Project("{FAE04EC0-301F-11D3-BF4B-00C04F79EFBC}") = "if", ".net\if\if.csproj", "{8EE24D42-E312-5259-5BA2-D83EC79EFF23}"
EndProject
Global
	GlobalSection(SolutionConfigurationPlatforms) = preSolution
		Debug|Any CPU = Debug|Any CPU
		Release|Any CPU = Release|Any CPU
	EndGlobalSection
	GlobalSection(ProjectConfigurationPlatforms) = postSolution
		{8EE24D42-E312-5259-5BA2-D83EC79EFF23}.Debug|Any CPU.ActiveCfg = Debug|Any CPU
		{8EE24D42-E312-5259-5BA2-D83EC79EFF23}.Debug|Any CPU.Build.0 = Debug|Any CPU
		{8EE24D42-E312-5259-5BA2-D83EC79EFF23}.Release|Any CPU.ActiveCfg = Release|Any CPU
		{8EE24D42-E312-5259-5BA2-D83EC79EFF23}.Release|Any CPU.Build.0 = Release|Any CPU
	EndGlobalSection
	GlobalSection(SolutionProperties) = preSolution
		HideSolutionNode = FALSE
	EndGlobalSection
	GlobalSection(NestedProjects) = preSolution
		{8EE24D42-E312-5259-5BA2-D83EC79EFF23} = {79120BB5-7395-B9EE-4BB5-58082D0F308B}
	EndGlobalSection
	GlobalSection(ExtensibilityGlobals) = postSolution
		SolutionGuid = {E64AE4E8-805F-4BD2-8907-3BD733638EF5}
	EndGlobalSection
EndGlobal
